
Microsoft Visual Studio Solution File, Format Version 12.00
# Visual Studio Version 17
VisualStudioVersion = 17.4.33213.308
MinimumVisualStudioVersion = 10.0.40219.1
Project("{FAE04EC0-301F-11D3-BF4B-00C04F79EFBC}") = "OptimalRouteAPI", "OptimalRouteAPI\OptimalRouteAPI.csproj", "{8B176A1D-1E90-47B9-B145-A0B36EF17991}"
EndProject
Global
	GlobalSection(SolutionConfigurationPlatforms) = preSolution
		Debug|Any CPU = Debug|Any CPU
		Release|Any CPU = Release|Any CPU
	EndGlobalSection
	GlobalSection(ProjectConfigurationPlatforms) = postSolution
		{8B176A1D-1E90-47B9-B145-A0B36EF17991}.Debug|Any CPU.ActiveCfg = Debug|Any CPU
		{8B176A1D-1E90-47B9-B145-A0B36EF17991}.Debug|Any CPU.Build.0 = Debug|Any CPU
		{8B176A1D-1E90-47B9-B145-A0B36EF17991}.Release|Any CPU.ActiveCfg = Release|Any CPU
		{8B176A1D-1E90-47B9-B145-A0B36EF17991}.Release|Any CPU.Build.0 = Release|Any CPU
	EndGlobalSection
	GlobalSection(SolutionProperties) = preSolution
		HideSolutionNode = FALSE
	EndGlobalSection
	GlobalSection(ExtensibilityGlobals) = postSolution
		SolutionGuid = {C17A46B9-9CF3-448D-81E9-C8DAA8FDFD89}
	EndGlobalSection
EndGlobal
